
Microsoft Visual Studio Solution File, Format Version 12.00
# Visual Studio Version 17
VisualStudioVersion = 17.2.32630.192
MinimumVisualStudioVersion = 10.0.40219.1
Project("{FAE04EC0-301F-11D3-BF4B-00C04F79EFBC}") = "Datos", "Datos\Datos.csproj", "{F038E9C1-55F2-4C38-858E-B6318EE50179}"
EndProject
Project("{FAE04EC0-301F-11D3-BF4B-00C04F79EFBC}") = "Negocio", "Negocio\Negocio.csproj", "{90356309-5292-4318-A01D-B2CE14252F8B}"
EndProject
Project("{FAE04EC0-301F-11D3-BF4B-00C04F79EFBC}") = "Entidades", "Entidades\Entidades.csproj", "{3486A435-FF1E-4CFD-B386-7C8EC83670AC}"
EndProject
Project("{FAE04EC0-301F-11D3-BF4B-00C04F79EFBC}") = "Presentador", "Presentador\Presentador.csproj", "{840F3408-08F8-4160-A77C-6A8485660A0A}"
EndProject
Project("{FAE04EC0-301F-11D3-BF4B-00C04F79EFBC}") = "Servicios", "Servicios\Servicios.csproj", "{345EA5E6-0849-4CBC-BAD0-5A58D9289203}"
EndProject
Global
	GlobalSection(SolutionConfigurationPlatforms) = preSolution
		Debug|Any CPU = Debug|Any CPU
		Release|Any CPU = Release|Any CPU
	EndGlobalSection
	GlobalSection(ProjectConfigurationPlatforms) = postSolution
		{F038E9C1-55F2-4C38-858E-B6318EE50179}.Debug|Any CPU.ActiveCfg = Debug|Any CPU
		{F038E9C1-55F2-4C38-858E-B6318EE50179}.Debug|Any CPU.Build.0 = Debug|Any CPU
		{F038E9C1-55F2-4C38-858E-B6318EE50179}.Release|Any CPU.ActiveCfg = Release|Any CPU
		{F038E9C1-55F2-4C38-858E-B6318EE50179}.Release|Any CPU.Build.0 = Release|Any CPU
		{90356309-5292-4318-A01D-B2CE14252F8B}.Debug|Any CPU.ActiveCfg = Debug|Any CPU
		{90356309-5292-4318-A01D-B2CE14252F8B}.Debug|Any CPU.Build.0 = Debug|Any CPU
		{90356309-5292-4318-A01D-B2CE14252F8B}.Release|Any CPU.ActiveCfg = Release|Any CPU
		{90356309-5292-4318-A01D-B2CE14252F8B}.Release|Any CPU.Build.0 = Release|Any CPU
		{3486A435-FF1E-4CFD-B386-7C8EC83670AC}.Debug|Any CPU.ActiveCfg = Debug|Any CPU
		{3486A435-FF1E-4CFD-B386-7C8EC83670AC}.Debug|Any CPU.Build.0 = Debug|Any CPU
		{3486A435-FF1E-4CFD-B386-7C8EC83670AC}.Release|Any CPU.ActiveCfg = Release|Any CPU
		{3486A435-FF1E-4CFD-B386-7C8EC83670AC}.Release|Any CPU.Build.0 = Release|Any CPU
		{840F3408-08F8-4160-A77C-6A8485660A0A}.Debug|Any CPU.ActiveCfg = Debug|Any CPU
		{840F3408-08F8-4160-A77C-6A8485660A0A}.Debug|Any CPU.Build.0 = Debug|Any CPU
		{840F3408-08F8-4160-A77C-6A8485660A0A}.Release|Any CPU.ActiveCfg = Release|Any CPU
		{840F3408-08F8-4160-A77C-6A8485660A0A}.Release|Any CPU.Build.0 = Release|Any CPU
		{345EA5E6-0849-4CBC-BAD0-5A58D9289203}.Debug|Any CPU.ActiveCfg = Debug|Any CPU
		{345EA5E6-0849-4CBC-BAD0-5A58D9289203}.Debug|Any CPU.Build.0 = Debug|Any CPU
		{345EA5E6-0849-4CBC-BAD0-5A58D9289203}.Release|Any CPU.ActiveCfg = Release|Any CPU
		{345EA5E6-0849-4CBC-BAD0-5A58D9289203}.Release|Any CPU.Build.0 = Release|Any CPU
	EndGlobalSection
	GlobalSection(SolutionProperties) = preSolution
		HideSolutionNode = FALSE
	EndGlobalSection
	GlobalSection(ExtensibilityGlobals) = postSolution
		SolutionGuid = {C7189811-F662-422F-9413-963226676D9A}
	EndGlobalSection
EndGlobal
